<?xml version="1.0" encoding="utf-8"?>
<Project ToolsVersion="4.0" xmlns="http://schemas.microsoft.com/developer/msbuild/2003">
  <ItemGroup>
    <Filter Include="src">
      <UniqueIdentifier>{c19d3080-a2f8-4fba-8b95-26235d03f307}</UniqueIdentifier>
    </Filter>
    <Filter Include="utils">
      <UniqueIdentifier>{da23bd9b-946e-401d-b0d4-e2fcbf3dd30f}</UniqueIdentifier>
    </Filter>
    <Filter Include="inc">
      <UniqueIdentifier>{06220469-3eab-4353-b650-e1d7a859ae2f}</UniqueIdentifier>
    </Filter>
    <Filter Include="lib">
      <UniqueIdentifier>{132e7999-8c19-46d4-97aa-00e4b07aacb7}</UniqueIdentifier>
    </Filter>
  </ItemGroup>
  <ItemGroup>
    <ClInclude Include="..\..\src\auth_info.h">
      <Filter>src</Filter>
    </ClInclude>
    <ClInclude Include="..\..\src\buf_operation.h">
      <Filter>src</Filter>
    </ClInclude>
    <ClInclude Include="..\..\src\comm_def.h">
      <Filter>src</Filter>
    </ClInclude>
    <ClInclude Include="..\..\src\fec.h">
      <Filter>src</Filter>
    </ClInclude>
    <ClInclude Include="..\..\src\m_udp_proto.h">
      <Filter>src</Filter>
    </ClInclude>
    <ClCompile Include="..\..\src\main.cpp">
      <Filter>src</Filter>
    </ClCompile>
    <ClInclude Include="..\..\src\pair_session_info.h">
      <Filter>src</Filter>
    </ClInclude>
    <ClInclude Include="..\..\src\pair_session_mgr.h">
      <Filter>src</Filter>
    </ClInclude>
    <ClInclude Include="..\..\src\slide_win.h">
      <Filter>src</Filter>
    </ClInclude>
    <ClInclude Include="..\..\src\sync_auth_info.h">
      <Filter>src</Filter>
    </ClInclude>
    <ClCompile Include="..\..\src\pair_session_mgr.cpp">
      <Filter>src</Filter>
    </ClCompile>
    <ClCompile Include="..\..\src\sync_auth_info.cpp">
      <Filter>src</Filter>
    </ClCompile>
    <ClCompile Include="..\..\src\slide_win.cpp">
      <Filter>src</Filter>
    </ClCompile>
    <ClCompile Include="..\..\src\fec.cpp">
      <Filter>src</Filter>
    </ClCompile>
    <ClCompile Include="..\..\utils\cli_business.cpp">
      <Filter>utils</Filter>
    </ClCompile>
    <ClCompile Include="..\..\utils\epoll_wrap.cpp">
      <Filter>utils</Filter>
    </ClCompile>
    <ClCompile Include="..\..\utils\file_rwlock.cpp">
      <Filter>utils</Filter>
    </ClCompile>
    <ClCompile Include="..\..\utils\libcli.c">
      <Filter>utils</Filter>
    </ClCompile>
    <ClCompile Include="..\..\utils\socket_helper.cpp">
      <Filter>utils</Filter>
    </ClCompile>
    <ClInclude Include="..\..\utils\root_authority.h">
      <Filter>utils</Filter>
    </ClInclude>
    <ClInclude Include="..\..\utils\program_exists.h">
      <Filter>utils</Filter>
    </ClInclude>
    <ClInclude Include="..\..\utils\cli_business.h">
      <Filter>utils</Filter>
    </ClInclude>
    <ClInclude Include="..\..\utils\ctype_helper.h">
      <Filter>utils</Filter>
    </ClInclude>
    <ClInclude Include="..\..\utils\string_helper.h">
      <Filter>utils</Filter>
    </ClInclude>
    <ClInclude Include="..\..\utils\epoll_wrap.h">
      <Filter>utils</Filter>
    </ClInclude>
    <ClInclude Include="..\..\utils\sys_log.h">
      <Filter>utils</Filter>
    </ClInclude>
    <ClInclude Include="..\..\utils\libcli.h">
      <Filter>utils</Filter>
    </ClInclude>
    <ClInclude Include="..\..\utils\socket_helper.h">
      <Filter>utils</Filter>
    </ClInclude>
    <ClInclude Include="..\..\utils\timespec_helper.h">
      <Filter>utils</Filter>
    </ClInclude>
    <ClInclude Include="..\..\utils\sockaddr_storage_index.h">
      <Filter>utils</Filter>
    </ClInclude>
    <ClInclude Include="..\..\utils\packet_checksum.h">
      <Filter>utils</Filter>
    </ClInclude>
    <ClInclude Include="..\..\utils\file_rwlock.h">
      <Filter>utils</Filter>
    </ClInclude>
    <Library Include="..\..\lib\libbitlinker64d.a">
      <Filter>lib</Filter>
    </Library>
    <Library Include="..\..\lib\libbitlinker64r.a">
      <Filter>lib</Filter>
    </Library>
    <ClInclude Include="..\..\inc\bitlinker.h">
      <Filter>inc</Filter>
    </ClInclude>
    <ClInclude Include="..\..\utils\hash_combiner.h">
      <Filter>utils</Filter>
    </ClInclude>
  </ItemGroup>
</Project>